{"filter":false,"title":"Gemfile.lock","tooltip":"/bundler/Gemfile.lock","undoManager":{"mark":-1,"position":-1,"stack":[]},"ace":{"folds":[],"scrolltop":0,"scrollleft":0,"selection":{"start":{"row":0,"column":0},"end":{"row":0,"column":0},"isBackwards":true},"options":{"guessTabSize":true,"useWrapMode":false,"wrapToView":true},"firstLineState":0},"timestamp":1679572838697,"hash":"27cdb3c658be2abc2a82092f88c2a89c61ee72cf"}